<?xml version="1.0" encoding="utf-8"?>
<Project xmlns="http://schemas.microsoft.com/developer/msbuild/2003">
  <ItemGroup>
    <Filter Include="Form Files">
      <UniqueIdentifier>{99349809-55BA-4b9d-BF79-8FDBB0286EB3}</UniqueIdentifier>
      <Extensions>ui</Extensions>
      <ParseFiles>false</ParseFiles>
    </Filter>
    <Filter Include="Form Files">
      <UniqueIdentifier>{99349809-55BA-4b9d-BF79-8FDBB0286EB3}</UniqueIdentifier>
      <Extensions>ui</Extensions>
      <ParseFiles>false</ParseFiles>
    </Filter>
    <Filter Include="Generated Files">
      <UniqueIdentifier>{71ED8ED8-ACB9-4CE9-BBE1-E00B30144E11}</UniqueIdentifier>
      <Extensions>cpp;c;cxx;moc;h;def;odl;idl;res;</Extensions>
    </Filter>
    <Filter Include="Generated Files">
      <UniqueIdentifier>{71ED8ED8-ACB9-4CE9-BBE1-E00B30144E11}</UniqueIdentifier>
      <Extensions>cpp;c;cxx;moc;h;def;odl;idl;res;</Extensions>
    </Filter>
    <Filter Include="Header Files">
      <UniqueIdentifier>{93995380-89BD-4b04-88EB-625FBE52EBFB}</UniqueIdentifier>
      <Extensions>h;hpp;hxx;hm;inl;inc;xsd</Extensions>
    </Filter>
    <Filter Include="Header Files">
      <UniqueIdentifier>{93995380-89BD-4b04-88EB-625FBE52EBFB}</UniqueIdentifier>
      <Extensions>h;hpp;hxx;hm;inl;inc;xsd</Extensions>
    </Filter>
    <Filter Include="Resource Files">
      <UniqueIdentifier>{D9D6E242-F8AF-46E4-B9FD-80ECBC20BA3E}</UniqueIdentifier>
      <Extensions>qrc;*</Extensions>
      <ParseFiles>false</ParseFiles>
    </Filter>
    <Filter Include="Resource Files">
      <UniqueIdentifier>{D9D6E242-F8AF-46E4-B9FD-80ECBC20BA3E}</UniqueIdentifier>
      <Extensions>qrc;*</Extensions>
      <ParseFiles>false</ParseFiles>
    </Filter>
    <Filter Include="Source Files">
      <UniqueIdentifier>{4FC737F1-C7A5-4376-A066-2A32D752A2FF}</UniqueIdentifier>
      <Extensions>cpp;c;cxx;def;odl;idl;hpj;bat;asm;asmx</Extensions>
    </Filter>
    <Filter Include="Source Files">
      <UniqueIdentifier>{4FC737F1-C7A5-4376-A066-2A32D752A2FF}</UniqueIdentifier>
      <Extensions>cpp;c;cxx;def;odl;idl;hpj;bat;asm;asmx</Extensions>
    </Filter>
    <Filter Include="Dialog">
      <UniqueIdentifier>{49200cbf-b4c7-4e37-8b57-0bcbaef015e1}</UniqueIdentifier>
    </Filter>
    <Filter Include="Coin3DQt">
      <UniqueIdentifier>{599196a5-887a-4a72-a728-ed213270cce9}</UniqueIdentifier>
    </Filter>
    <Filter Include="Coin3DQt\inc">
      <UniqueIdentifier>{e18fe2d3-4f95-4b83-a871-84ea3c4b8b75}</UniqueIdentifier>
    </Filter>
    <Filter Include="Coin3DQt\src">
      <UniqueIdentifier>{45c14232-e6dd-4175-b3b1-a3e56e839c1f}</UniqueIdentifier>
    </Filter>
  </ItemGroup>
  <ItemGroup>
    <ClCompile Include="globalvars.cpp">
      <Filter>Source Files</Filter>
    </ClCompile>
    <ClCompile Include="main.cpp">
      <Filter>Source Files</Filter>
    </ClCompile>
    <ClCompile Include="mainwindow.cpp">
      <Filter>Source Files</Filter>
    </ClCompile>
    <ClCompile Include="SelectEquipment\selectequ.cpp">
      <Filter>Source Files</Filter>
    </ClCompile>
    <ClCompile Include="BendFileReader.cpp">
      <Filter>Dialog</Filter>
    </ClCompile>
    <ClCompile Include="XMLReader.cpp">
      <Filter>Source Files</Filter>
    </ClCompile>
    <ClCompile Include="DBShower.cpp">
      <Filter>Source Files</Filter>
    </ClCompile>
    <ClCompile Include="Dispaly.cpp">
      <Filter>Source Files</Filter>
    </ClCompile>
    <ClCompile Include="DBInsertDlg.cpp">
      <Filter>Dialog</Filter>
    </ClCompile>
    <ClCompile Include="CNCBend.cpp">
      <Filter>Source Files</Filter>
    </ClCompile>
    <ClCompile Include="Coin3DQt\src\AixsCoin3d.cpp">
      <Filter>Coin3DQt\src</Filter>
    </ClCompile>
    <ClCompile Include="Coin3DQt\src\BaseModelCoin3d.cpp">
      <Filter>Coin3DQt\src</Filter>
    </ClCompile>
    <ClCompile Include="Coin3DQt\src\BasicPlaneEntity.cpp">
      <Filter>Coin3DQt\src</Filter>
    </ClCompile>
    <ClCompile Include="Coin3DQt\src\BendMachineCoin3d.cpp">
      <Filter>Coin3DQt\src</Filter>
    </ClCompile>
    <ClCompile Include="Coin3DQt\src\BendSurface.cpp">
      <Filter>Coin3DQt\src</Filter>
    </ClCompile>
    <ClCompile Include="Coin3DQt\src\CentringCoin3d.cpp">
      <Filter>Coin3DQt\src</Filter>
    </ClCompile>
    <ClCompile Include="Coin3DQt\src\Coin3DQtRobotBending.cpp">
      <Filter>Coin3DQt\src</Filter>
    </ClCompile>
    <ClCompile Include="Coin3DQt\src\ConstDefine.cpp">
      <Filter>Coin3DQt\src</Filter>
    </ClCompile>
    <ClCompile Include="Coin3DQt\src\CreateWorkPieceHelper.cpp">
      <Filter>Coin3DQt\src</Filter>
    </ClCompile>
    <ClCompile Include="Coin3DQt\src\FileReadHelper.cpp">
      <Filter>Coin3DQt\src</Filter>
    </ClCompile>
    <ClCompile Include="Coin3DQt\src\IKMath.cpp">
      <Filter>Coin3DQt\src</Filter>
    </ClCompile>
    <ClCompile Include="Coin3DQt\src\IKSolverHe.cpp">
      <Filter>Coin3DQt\src</Filter>
    </ClCompile>
    <ClCompile Include="Coin3DQt\src\main.cpp">
      <Filter>Coin3DQt\src</Filter>
    </ClCompile>
    <ClCompile Include="Coin3DQt\src\MathHe.cpp">
      <Filter>Coin3DQt\src</Filter>
    </ClCompile>
    <ClCompile Include="Coin3DQt\src\ModelTypedef.cpp">
      <Filter>Coin3DQt\src</Filter>
    </ClCompile>
    <ClCompile Include="Coin3DQt\src\NurbsSurf.cpp">
      <Filter>Coin3DQt\src</Filter>
    </ClCompile>
    <ClCompile Include="Coin3DQt\src\PrintHelper.cpp">
      <Filter>Coin3DQt\src</Filter>
    </ClCompile>
    <ClCompile Include="Coin3DQt\src\RobotCoin3d.cpp">
      <Filter>Coin3DQt\src</Filter>
    </ClCompile>
  </ItemGroup>
  <ItemGroup>
    <ClInclude Include="globalvars.h">
      <Filter>Header Files</Filter>
    </ClInclude>
    <QtMoc Include="mainwindow.h">
      <Filter>Header Files</Filter>
    </QtMoc>
    <QtMoc Include="SelectEquipment\selectequ.h">
      <Filter>Header Files</Filter>
    </QtMoc>
    <ClInclude Include="resource.h">
      <Filter>Generated Files</Filter>
    </ClInclude>
    <ClInclude Include="XMLReader.h">
      <Filter>Header Files</Filter>
    </ClInclude>
    <ClInclude Include="resource1.h">
      <Filter>Generated Files</Filter>
    </ClInclude>
    <ClInclude Include="Coin3DQt\inc\AixsCoin3d.h">
      <Filter>Coin3DQt\inc</Filter>
    </ClInclude>
    <ClInclude Include="Coin3DQt\inc\BaseModelCoin3d.h">
      <Filter>Coin3DQt\inc</Filter>
    </ClInclude>
    <ClInclude Include="Coin3DQt\inc\BasicPlaneEntity.h">
      <Filter>Coin3DQt\inc</Filter>
    </ClInclude>
    <ClInclude Include="Coin3DQt\inc\BendMachineCoin3d.h">
      <Filter>Coin3DQt\inc</Filter>
    </ClInclude>
    <ClInclude Include="Coin3DQt\inc\BendSurface.h">
      <Filter>Coin3DQt\inc</Filter>
    </ClInclude>
    <ClInclude Include="Coin3DQt\inc\CentringCoin3d.h">
      <Filter>Coin3DQt\inc</Filter>
    </ClInclude>
    <ClInclude Include="Coin3DQt\inc\CreateWorkPieceHelper.h">
      <Filter>Coin3DQt\inc</Filter>
    </ClInclude>
    <ClInclude Include="Coin3DQt\inc\FileReadHelper.h">
      <Filter>Coin3DQt\inc</Filter>
    </ClInclude>
    <ClInclude Include="Coin3DQt\inc\IKMath.h">
      <Filter>Coin3DQt\inc</Filter>
    </ClInclude>
    <ClInclude Include="Coin3DQt\inc\IKSolverHe.h">
      <Filter>Coin3DQt\inc</Filter>
    </ClInclude>
    <ClInclude Include="Coin3DQt\inc\MathHe.h">
      <Filter>Coin3DQt\inc</Filter>
    </ClInclude>
    <ClInclude Include="Coin3DQt\inc\ModelTypedef.h">
      <Filter>Coin3DQt\inc</Filter>
    </ClInclude>
    <ClInclude Include="Coin3DQt\inc\NurbsSurf.h">
      <Filter>Coin3DQt\inc</Filter>
    </ClInclude>
    <ClInclude Include="Coin3DQt\inc\PrintHelper.h">
      <Filter>Coin3DQt\inc</Filter>
    </ClInclude>
    <ClInclude Include="Coin3DQt\inc\RobotCoin3d.h">
      <Filter>Coin3DQt\inc</Filter>
    </ClInclude>
    <ClInclude Include="Coin3DQt\src\Init.hpp">
      <Filter>Coin3DQt\src</Filter>
    </ClInclude>
    <ClInclude Include="Coin3DQt\src\Test.hpp">
      <Filter>Coin3DQt\src</Filter>
    </ClInclude>
  </ItemGroup>
  <ItemGroup>
    <CustomBuild Include="debug\moc_predefs.h.cbt">
      <Filter>Generated Files</Filter>
    </CustomBuild>
    <CustomBuild Include="release\moc_predefs.h.cbt">
      <Filter>Generated Files</Filter>
    </CustomBuild>
  </ItemGroup>
  <ItemGroup>
    <QtUic Include="mainwindow.ui">
      <Filter>Form Files</Filter>
    </QtUic>
    <QtUic Include="SelectEquipment\selectequ.ui">
      <Filter>Form Files</Filter>
    </QtUic>
    <QtUic Include="BendFileReader.ui">
      <Filter>Dialog</Filter>
    </QtUic>
    <QtUic Include="DBShower.ui">
      <Filter>Form Files</Filter>
    </QtUic>
    <QtUic Include="Dispaly.ui">
      <Filter>Form Files</Filter>
    </QtUic>
    <QtUic Include="DBInsertDlg.ui">
      <Filter>Dialog</Filter>
    </QtUic>
    <QtUic Include="Coin3DQt\Coin3DQtRobotBending.ui">
      <Filter>Coin3DQt</Filter>
    </QtUic>
  </ItemGroup>
  <ItemGroup>
    <QtRcc Include="resource.qrc">
      <Filter>Resource Files</Filter>
    </QtRcc>
  </ItemGroup>
  <ItemGroup>
    <QtMoc Include="BendFileReader.h">
      <Filter>Dialog</Filter>
    </QtMoc>
    <QtMoc Include="DBShower.h">
      <Filter>Header Files</Filter>
    </QtMoc>
    <QtMoc Include="Dispaly.h">
      <Filter>Header Files</Filter>
    </QtMoc>
    <QtMoc Include="DBInsertDlg.h">
      <Filter>Dialog</Filter>
    </QtMoc>
    <QtMoc Include="CNCBend.h">
      <Filter>Header Files</Filter>
    </QtMoc>
    <QtMoc Include="Coin3DQt\inc\Coin3DQtRobotBending.h">
      <Filter>Coin3DQt\inc</Filter>
    </QtMoc>
  </ItemGroup>
</Project>